
Microsoft Visual Studio Solution File, Format Version 12.00
# Visual Studio Version 16
VisualStudioVersion = 16.0.32126.315
MinimumVisualStudioVersion = 10.0.40219.1
Project("{FAE04EC0-301F-11D3-BF4B-00C04F79EFBC}") = "WpfApp1", "WpfApp1.csproj", "{750B6D2E-AE05-4F8D-97C0-A8B92C5CC37C}"
EndProject
Global
	GlobalSection(SolutionConfigurationPlatforms) = preSolution
		conf_unsafe|Any CPU = conf_unsafe|Any CPU
		Debug|Any CPU = Debug|Any CPU
		Release|Any CPU = Release|Any CPU
	EndGlobalSection
	GlobalSection(ProjectConfigurationPlatforms) = postSolution
		{750B6D2E-AE05-4F8D-97C0-A8B92C5CC37C}.conf_unsafe|Any CPU.ActiveCfg = conf_unsafe|Any CPU
		{750B6D2E-AE05-4F8D-97C0-A8B92C5CC37C}.conf_unsafe|Any CPU.Build.0 = conf_unsafe|Any CPU
		{750B6D2E-AE05-4F8D-97C0-A8B92C5CC37C}.Debug|Any CPU.ActiveCfg = Debug|Any CPU
		{750B6D2E-AE05-4F8D-97C0-A8B92C5CC37C}.Debug|Any CPU.Build.0 = Debug|Any CPU
		{750B6D2E-AE05-4F8D-97C0-A8B92C5CC37C}.Release|Any CPU.ActiveCfg = Release|Any CPU
		{750B6D2E-AE05-4F8D-97C0-A8B92C5CC37C}.Release|Any CPU.Build.0 = Release|Any CPU
	EndGlobalSection
	GlobalSection(SolutionProperties) = preSolution
		HideSolutionNode = FALSE
	EndGlobalSection
	GlobalSection(ExtensibilityGlobals) = postSolution
		SolutionGuid = {E94599A2-71AE-44E0-A054-36DDADD239FE}
	EndGlobalSection
EndGlobal
